
Microsoft Visual Studio Solution File, Format Version 12.00
# Visual Studio Version 16
VisualStudioVersion = 25.0.1703.8
MinimumVisualStudioVersion = 10.0.40219.1
Project("{FAE04EC0-301F-11D3-BF4B-00C04F79EFBC}") = "AdminPanel-Metric", "AdminPanel-Metric\AdminPanel-Metric.csproj", "{51307FE2-00A0-450F-91BA-E8022B275B1E}"
EndProject
Global
	GlobalSection(SolutionConfigurationPlatforms) = preSolution
		Debug|Any CPU = Debug|Any CPU
		Release|Any CPU = Release|Any CPU
	EndGlobalSection
	GlobalSection(ProjectConfigurationPlatforms) = postSolution
		{51307FE2-00A0-450F-91BA-E8022B275B1E}.Debug|Any CPU.ActiveCfg = Debug|Any CPU
		{51307FE2-00A0-450F-91BA-E8022B275B1E}.Debug|Any CPU.Build.0 = Debug|Any CPU
		{51307FE2-00A0-450F-91BA-E8022B275B1E}.Release|Any CPU.ActiveCfg = Release|Any CPU
		{51307FE2-00A0-450F-91BA-E8022B275B1E}.Release|Any CPU.Build.0 = Release|Any CPU
	EndGlobalSection
	GlobalSection(SolutionProperties) = preSolution
		HideSolutionNode = FALSE
	EndGlobalSection
	GlobalSection(ExtensibilityGlobals) = postSolution
		SolutionGuid = {65135749-807E-415F-8772-436EB17C23D7}
	EndGlobalSection
EndGlobal
